
Microsoft Visual Studio Solution File, Format Version 12.00
# Visual Studio 15
Project("{FAE04EC0-301F-11D3-BF4B-00C04F79EFBC}") = "UnityEngine.TestRunner", "UnityEngine.TestRunner.csproj", "{8736E5A7-B673-90BA-55AC-67EDD4A6AA4B}"
EndProject
Project("{FAE04EC0-301F-11D3-BF4B-00C04F79EFBC}") = "Unity.Timeline", "Unity.Timeline.csproj", "{BD3E146E-0E8A-D211-6E61-FDCB927BCB20}"
EndProject
Project("{FAE04EC0-301F-11D3-BF4B-00C04F79EFBC}") = "UnityEngine.UI", "UnityEngine.UI.csproj", "{19BF33D2-5C6E-9F45-4F00-C60C56DA0DCB}"
EndProject
Project("{FAE04EC0-301F-11D3-BF4B-00C04F79EFBC}") = "Unity.TextMeshPro", "Unity.TextMeshPro.csproj", "{3A1D76C8-D34B-D319-BDA6-FFB05C53EB19}"
EndProject
Project("{FAE04EC0-301F-11D3-BF4B-00C04F79EFBC}") = "Assembly-CSharp", "Assembly-CSharp.csproj", "{B7FC66CC-1F23-9D08-8F2D-16D788138929}"
EndProject
Project("{FAE04EC0-301F-11D3-BF4B-00C04F79EFBC}") = "UnityEditor.TestRunner", "UnityEditor.TestRunner.csproj", "{A6BB554D-5676-F2E9-9266-0327DBD5FDE9}"
EndProject
Project("{FAE04EC0-301F-11D3-BF4B-00C04F79EFBC}") = "Unity.PlasticSCM.Editor", "Unity.PlasticSCM.Editor.csproj", "{8B4FF45E-9505-1420-15F8-60D15AA69B14}"
EndProject
Project("{FAE04EC0-301F-11D3-BF4B-00C04F79EFBC}") = "UnityEditor.UI", "UnityEditor.UI.csproj", "{3AF4DBAB-D241-C6EB-1F4F-1CB6741E84CB}"
EndProject
Project("{FAE04EC0-301F-11D3-BF4B-00C04F79EFBC}") = "Unity.Services.Core.Editor", "Unity.Services.Core.Editor.csproj", "{BB46543D-0CB6-4438-C771-373953991D2B}"
EndProject
Project("{FAE04EC0-301F-11D3-BF4B-00C04F79EFBC}") = "Unity.Timeline.Editor", "Unity.Timeline.Editor.csproj", "{B083D6B3-9897-FB47-6294-74316032419A}"
EndProject
Project("{FAE04EC0-301F-11D3-BF4B-00C04F79EFBC}") = "Unity.VisualStudio.Editor", "Unity.VisualStudio.Editor.csproj", "{8817277D-3609-2346-AC22-CD2538415475}"
EndProject
Project("{FAE04EC0-301F-11D3-BF4B-00C04F79EFBC}") = "Unity.TextMeshPro.Editor", "Unity.TextMeshPro.Editor.csproj", "{7B8D2CFE-26D8-56C0-F9B3-72C84A1A569A}"
EndProject
Project("{FAE04EC0-301F-11D3-BF4B-00C04F79EFBC}") = "Unity.CollabProxy.Editor", "Unity.CollabProxy.Editor.csproj", "{A0EE1234-41C8-9DD0-F1CF-4E0FB1C06F96}"
EndProject
Project("{FAE04EC0-301F-11D3-BF4B-00C04F79EFBC}") = "Unity.Rider.Editor", "Unity.Rider.Editor.csproj", "{DBDB6391-7734-C39A-FB9B-4646343F6702}"
EndProject
Project("{FAE04EC0-301F-11D3-BF4B-00C04F79EFBC}") = "Unity.VSCode.Editor", "Unity.VSCode.Editor.csproj", "{FB6F0A76-8BFC-9B2D-7976-7B19F244811C}"
EndProject
Global
	GlobalSection(SolutionConfigurationPlatforms) = preSolution
		Debug|Any CPU = Debug|Any CPU
		Release|Any CPU = Release|Any CPU
	EndGlobalSection
	GlobalSection(ProjectConfigurationPlatforms) = postSolution
		{8736E5A7-B673-90BA-55AC-67EDD4A6AA4B}.Debug|Any CPU.ActiveCfg = Debug|Any CPU
		{8736E5A7-B673-90BA-55AC-67EDD4A6AA4B}.Debug|Any CPU.Build.0 = Debug|Any CPU
		{8736E5A7-B673-90BA-55AC-67EDD4A6AA4B}.Release|Any CPU.ActiveCfg = Release|Any CPU
		{8736E5A7-B673-90BA-55AC-67EDD4A6AA4B}.Release|Any CPU.Build.0 = Release|Any CPU
		{BD3E146E-0E8A-D211-6E61-FDCB927BCB20}.Debug|Any CPU.ActiveCfg = Debug|Any CPU
		{BD3E146E-0E8A-D211-6E61-FDCB927BCB20}.Debug|Any CPU.Build.0 = Debug|Any CPU
		{BD3E146E-0E8A-D211-6E61-FDCB927BCB20}.Release|Any CPU.ActiveCfg = Release|Any CPU
		{BD3E146E-0E8A-D211-6E61-FDCB927BCB20}.Release|Any CPU.Build.0 = Release|Any CPU
		{19BF33D2-5C6E-9F45-4F00-C60C56DA0DCB}.Debug|Any CPU.ActiveCfg = Debug|Any CPU
		{19BF33D2-5C6E-9F45-4F00-C60C56DA0DCB}.Debug|Any CPU.Build.0 = Debug|Any CPU
		{19BF33D2-5C6E-9F45-4F00-C60C56DA0DCB}.Release|Any CPU.ActiveCfg = Release|Any CPU
		{19BF33D2-5C6E-9F45-4F00-C60C56DA0DCB}.Release|Any CPU.Build.0 = Release|Any CPU
		{3A1D76C8-D34B-D319-BDA6-FFB05C53EB19}.Debug|Any CPU.ActiveCfg = Debug|Any CPU
		{3A1D76C8-D34B-D319-BDA6-FFB05C53EB19}.Debug|Any CPU.Build.0 = Debug|Any CPU
		{3A1D76C8-D34B-D319-BDA6-FFB05C53EB19}.Release|Any CPU.ActiveCfg = Release|Any CPU
		{3A1D76C8-D34B-D319-BDA6-FFB05C53EB19}.Release|Any CPU.Build.0 = Release|Any CPU
		{B7FC66CC-1F23-9D08-8F2D-16D788138929}.Debug|Any CPU.ActiveCfg = Debug|Any CPU
		{B7FC66CC-1F23-9D08-8F2D-16D788138929}.Debug|Any CPU.Build.0 = Debug|Any CPU
		{B7FC66CC-1F23-9D08-8F2D-16D788138929}.Release|Any CPU.ActiveCfg = Release|Any CPU
		{B7FC66CC-1F23-9D08-8F2D-16D788138929}.Release|Any CPU.Build.0 = Release|Any CPU
		{A6BB554D-5676-F2E9-9266-0327DBD5FDE9}.Debug|Any CPU.ActiveCfg = Debug|Any CPU
		{A6BB554D-5676-F2E9-9266-0327DBD5FDE9}.Debug|Any CPU.Build.0 = Debug|Any CPU
		{A6BB554D-5676-F2E9-9266-0327DBD5FDE9}.Release|Any CPU.ActiveCfg = Release|Any CPU
		{A6BB554D-5676-F2E9-9266-0327DBD5FDE9}.Release|Any CPU.Build.0 = Release|Any CPU
		{8B4FF45E-9505-1420-15F8-60D15AA69B14}.Debug|Any CPU.ActiveCfg = Debug|Any CPU
		{8B4FF45E-9505-1420-15F8-60D15AA69B14}.Debug|Any CPU.Build.0 = Debug|Any CPU
		{8B4FF45E-9505-1420-15F8-60D15AA69B14}.Release|Any CPU.ActiveCfg = Release|Any CPU
		{8B4FF45E-9505-1420-15F8-60D15AA69B14}.Release|Any CPU.Build.0 = Release|Any CPU
		{3AF4DBAB-D241-C6EB-1F4F-1CB6741E84CB}.Debug|Any CPU.ActiveCfg = Debug|Any CPU
		{3AF4DBAB-D241-C6EB-1F4F-1CB6741E84CB}.Debug|Any CPU.Build.0 = Debug|Any CPU
		{3AF4DBAB-D241-C6EB-1F4F-1CB6741E84CB}.Release|Any CPU.ActiveCfg = Release|Any CPU
		{3AF4DBAB-D241-C6EB-1F4F-1CB6741E84CB}.Release|Any CPU.Build.0 = Release|Any CPU
		{BB46543D-0CB6-4438-C771-373953991D2B}.Debug|Any CPU.ActiveCfg = Debug|Any CPU
		{BB46543D-0CB6-4438-C771-373953991D2B}.Debug|Any CPU.Build.0 = Debug|Any CPU
		{BB46543D-0CB6-4438-C771-373953991D2B}.Release|Any CPU.ActiveCfg = Release|Any CPU
		{BB46543D-0CB6-4438-C771-373953991D2B}.Release|Any CPU.Build.0 = Release|Any CPU
		{B083D6B3-9897-FB47-6294-74316032419A}.Debug|Any CPU.ActiveCfg = Debug|Any CPU
		{B083D6B3-9897-FB47-6294-74316032419A}.Debug|Any CPU.Build.0 = Debug|Any CPU
		{B083D6B3-9897-FB47-6294-74316032419A}.Release|Any CPU.ActiveCfg = Release|Any CPU
		{B083D6B3-9897-FB47-6294-74316032419A}.Release|Any CPU.Build.0 = Release|Any CPU
		{8817277D-3609-2346-AC22-CD2538415475}.Debug|Any CPU.ActiveCfg = Debug|Any CPU
		{8817277D-3609-2346-AC22-CD2538415475}.Debug|Any CPU.Build.0 = Debug|Any CPU
		{8817277D-3609-2346-AC22-CD2538415475}.Release|Any CPU.ActiveCfg = Release|Any CPU
		{8817277D-3609-2346-AC22-CD2538415475}.Release|Any CPU.Build.0 = Release|Any CPU
		{7B8D2CFE-26D8-56C0-F9B3-72C84A1A569A}.Debug|Any CPU.ActiveCfg = Debug|Any CPU
		{7B8D2CFE-26D8-56C0-F9B3-72C84A1A569A}.Debug|Any CPU.Build.0 = Debug|Any CPU
		{7B8D2CFE-26D8-56C0-F9B3-72C84A1A569A}.Release|Any CPU.ActiveCfg = Release|Any CPU
		{7B8D2CFE-26D8-56C0-F9B3-72C84A1A569A}.Release|Any CPU.Build.0 = Release|Any CPU
		{A0EE1234-41C8-9DD0-F1CF-4E0FB1C06F96}.Debug|Any CPU.ActiveCfg = Debug|Any CPU
		{A0EE1234-41C8-9DD0-F1CF-4E0FB1C06F96}.Debug|Any CPU.Build.0 = Debug|Any CPU
		{A0EE1234-41C8-9DD0-F1CF-4E0FB1C06F96}.Release|Any CPU.ActiveCfg = Release|Any CPU
		{A0EE1234-41C8-9DD0-F1CF-4E0FB1C06F96}.Release|Any CPU.Build.0 = Release|Any CPU
		{DBDB6391-7734-C39A-FB9B-4646343F6702}.Debug|Any CPU.ActiveCfg = Debug|Any CPU
		{DBDB6391-7734-C39A-FB9B-4646343F6702}.Debug|Any CPU.Build.0 = Debug|Any CPU
		{DBDB6391-7734-C39A-FB9B-4646343F6702}.Release|Any CPU.ActiveCfg = Release|Any CPU
		{DBDB6391-7734-C39A-FB9B-4646343F6702}.Release|Any CPU.Build.0 = Release|Any CPU
		{FB6F0A76-8BFC-9B2D-7976-7B19F244811C}.Debug|Any CPU.ActiveCfg = Debug|Any CPU
		{FB6F0A76-8BFC-9B2D-7976-7B19F244811C}.Debug|Any CPU.Build.0 = Debug|Any CPU
		{FB6F0A76-8BFC-9B2D-7976-7B19F244811C}.Release|Any CPU.ActiveCfg = Release|Any CPU
		{FB6F0A76-8BFC-9B2D-7976-7B19F244811C}.Release|Any CPU.Build.0 = Release|Any CPU
	EndGlobalSection
	GlobalSection(SolutionProperties) = preSolution
		HideSolutionNode = FALSE
	EndGlobalSection
EndGlobal
